// !$*UTF8*$!
{
	archiveVersion = 1;
	classes = {
	};
	objectVersion = 46;
	objects = {

/* Begin PBXBuildFile section */
		FA52569A1D4AC04D004DA44C /* AppDelegate.swift in Sources */ = {isa = PBXBuildFile; fileRef = FA5256991D4AC04D004DA44C /* AppDelegate.swift */; };
		FA52569C1D4AC04D004DA44C /* ViewController.swift in Sources */ = {isa = PBXBuildFile; fileRef = FA52569B1D4AC04D004DA44C /* ViewController.swift */; };
		FA52569F1D4AC04D004DA44C /* Main.storyboard in Resources */ = {isa = PBXBuildFile; fileRef = FA52569D1D4AC04D004DA44C /* Main.storyboard */; };
		FA5256A11D4AC04D004DA44C /* Assets.xcassets in Resources */ = {isa = PBXBuildFile; fileRef = FA5256A01D4AC04D004DA44C /* Assets.xcassets */; };
		FA5256A41D4AC04D004DA44C /* LaunchScreen.storyboard in Resources */ = {isa = PBXBuildFile; fileRef = FA5256A21D4AC04D004DA44C /* LaunchScreen.storyboard */; };
		FA5256AF1D4AC04E004DA44C /* CalculatorTests.swift in Sources */ = {isa = PBXBuildFile; fileRef = FA5256AE1D4AC04E004DA44C /* CalculatorTests.swift */; };
		FA5256BA1D4AC04E004DA44C /* CalculatorUITests.swift in Sources */ = {isa = PBXBuildFile; fileRef = FA5256B91D4AC04E004DA44C /* CalculatorUITests.swift */; };
		FA8CC2D91D502C290059098B /* CalculatorBrain.swift in Sources */ = {isa = PBXBuildFile; fileRef = FA8CC2D81D502C290059098B /* CalculatorBrain.swift */; };
/* End PBXBuildFile section */

/* Begin PBXContainerItemProxy section */
		FA5256AB1D4AC04E004DA44C /* PBXContainerItemProxy */ = {
			isa = PBXContainerItemProxy;
			containerPortal = FA52568E1D4AC04D004DA44C /* Project object */;
			proxyType = 1;
			remoteGlobalIDString = FA5256951D4AC04D004DA44C;
			remoteInfo = Calculator;
		};
		FA5256B61D4AC04E004DA44C /* PBXContainerItemProxy */ = {
			isa = PBXContainerItemProxy;
			containerPortal = FA52568E1D4AC04D004DA44C /* Project object */;
			proxyType = 1;
			remoteGlobalIDString = FA5256951D4AC04D004DA44C;
			remoteInfo = Calculator;
		};
/* End PBXContainerItemProxy section */

/* Begin PBXFileReference section */
		FA5256961D4AC04D004DA44C /* Calculator.app */ = {isa = PBXFileReference; explicitFileType = wrapper.application; includeInIndex = 0; path = Calculator.app; sourceTree = BUILT_PRODUCTS_DIR; };
		FA5256991D4AC04D004DA44C /* AppDelegate.swift */ = {isa = PBXFileReference; lastKnownFileType = sourcecode.swift; path = AppDelegate.swift; sourceTree = "<group>"; };
		FA52569B1D4AC04D004DA44C /* ViewController.swift */ = {isa = PBXFileReference; lastKnownFileType = sourcecode.swift; path = ViewController.swift; sourceTree = "<group>"; };
		FA52569E1D4AC04D004DA44C /* Base */ = {isa = PBXFileReference; lastKnownFileType = file.storyboard; name = Base; path = Base.lproj/Main.storyboard; sourceTree = "<group>"; };
		FA5256A01D4AC04D004DA44C /* Assets.xcassets */ = {isa = PBXFileReference; lastKnownFileType = folder.assetcatalog; path = Assets.xcassets; sourceTree = "<group>"; };
		FA5256A31D4AC04D004DA44C /* Base */ = {isa = PBXFileReference; lastKnownFileType = file.storyboard; name = Base; path = Base.lproj/LaunchScreen.storyboard; sourceTree = "<group>"; };
		FA5256A51D4AC04D004DA44C /* Info.plist */ = {isa = PBXFileReference; lastKnownFileType = text.plist.xml; path = Info.plist; sourceTree = "<group>"; };
		FA5256AA1D4AC04E004DA44C /* CalculatorTests.xctest */ = {isa = PBXFileReference; explicitFileType = wrapper.cfbundle; includeInIndex = 0; path = CalculatorTests.xctest; sourceTree = BUILT_PRODUCTS_DIR; };
		FA5256AE1D4AC04E004DA44C /* CalculatorTests.swift */ = {isa = PBXFileReference; lastKnownFileType = sourcecode.swift; path = CalculatorTests.swift; sourceTree = "<group>"; };
		FA5256B01D4AC04E004DA44C /* Info.plist */ = {isa = PBXFileReference; lastKnownFileType = text.plist.xml; path = Info.plist; sourceTree = "<group>"; };
		FA5256B51D4AC04E004DA44C /* CalculatorUITests.xctest */ = {isa = PBXFileReference; explicitFileType = wrapper.cfbundle; includeInIndex = 0; path = CalculatorUITests.xctest; sourceTree = BUILT_PRODUCTS_DIR; };
		FA5256B91D4AC04E004DA44C /* CalculatorUITests.swift */ = {isa = PBXFileReference; lastKnownFileType = sourcecode.swift; path = CalculatorUITests.swift; sourceTree = "<group>"; };
		FA5256BB1D4AC04E004DA44C /* Info.plist */ = {isa = PBXFileReference; lastKnownFileType = text.plist.xml; path = Info.plist; sourceTree = "<group>"; };
		FA8CC2D81D502C290059098B /* CalculatorBrain.swift */ = {isa = PBXFileReference; fileEncoding = 4; lastKnownFileType = sourcecode.swift; path = CalculatorBrain.swift; sourceTree = "<group>"; };
/* End PBXFileReference section */

/* Begin PBXFrameworksBuildPhase section */
		FA5256931D4AC04D004DA44C /* Frameworks */ = {
			isa = PBXFrameworksBuildPhase;
			buildActionMask = 2147483647;
			files = (
			);
			runOnlyForDeploymentPostprocessing = 0;
		};
		FA5256A71D4AC04E004DA44C /* Frameworks */ = {
			isa = PBXFrameworksBuildPhase;
			buildActionMask = 2147483647;
			files = (
			);
			runOnlyForDeploymentPostprocessing = 0;
		};
		FA5256B21D4AC04E004DA44C /* Frameworks */ = {
			isa = PBXFrameworksBuildPhase;
			buildActionMask = 2147483647;
			files = (
			);
			runOnlyForDeploymentPostprocessing = 0;
		};
/* End PBXFrameworksBuildPhase section */

/* Begin PBXGroup section */
		FA52568D1D4AC04D004DA44C = {
			isa = PBXGroup;
			children = (
				FA5256981D4AC04D004DA44C /* Calculator */,
				FA5256AD1D4AC04E004DA44C /* CalculatorTests */,
				FA5256B81D4AC04E004DA44C /* CalculatorUITests */,
				FA5256971D4AC04D004DA44C /* Products */,
			);
			sourceTree = "<group>";
		};
		FA5256971D4AC04D004DA44C /* Products */ = {
			isa = PBXGroup;
			children = (
				FA5256961D4AC04D004DA44C /* Calculator.app */,
				FA5256AA1D4AC04E004DA44C /* CalculatorTests.xctest */,
				FA5256B51D4AC04E004DA44C /* CalculatorUITests.xctest */,
			);
			name = Products;
			sourceTree = "<group>";
		};
		FA5256981D4AC04D004DA44C /* Calculator */ = {
			isa = PBXGroup;
			children = (
				FA52569B1D4AC04D004DA44C /* ViewController.swift */,
				FA8CC2D81D502C290059098B /* CalculatorBrain.swift */,
				FA52569D1D4AC04D004DA44C /* Main.storyboard */,
				FA5256C71D4AC064004DA44C /* Supporting Files */,
			);
			path = Calculator;
			sourceTree = "<group>";
		};
		FA5256AD1D4AC04E004DA44C /* CalculatorTests */ = {
			isa = PBXGroup;
			children = (
				FA5256AE1D4AC04E004DA44C /* CalculatorTests.swift */,
				FA5256B01D4AC04E004DA44C /* Info.plist */,
			);
			path = CalculatorTests;
			sourceTree = "<group>";
		};
		FA5256B81D4AC04E004DA44C /* CalculatorUITests */ = {
			isa = PBXGroup;
			children = (
				FA5256B91D4AC04E004DA44C /* CalculatorUITests.swift */,
				FA5256BB1D4AC04E004DA44C /* Info.plist */,
			);
			path = CalculatorUITests;
			sourceTree = "<group>";
		};
		FA5256C71D4AC064004DA44C /* Supporting Files */ = {
			isa = PBXGroup;
			children = (
				FA5256991D4AC04D004DA44C /* AppDelegate.swift */,
				FA5256A01D4AC04D004DA44C /* Assets.xcassets */,
				FA5256A21D4AC04D004DA44C /* LaunchScreen.storyboard */,
				FA5256A51D4AC04D004DA44C /* Info.plist */,
			);
			name = "Supporting Files";
			sourceTree = "<group>";
		};
/* End PBXGroup section */

/* Begin PBXNativeTarget section */
		FA5256951D4AC04D004DA44C /* Calculator */ = {
			isa = PBXNativeTarget;
			buildConfigurationList = FA5256BE1D4AC04E004DA44C /* Build configuration list for PBXNativeTarget "Calculator" */;
			buildPhases = (
				FA5256921D4AC04D004DA44C /* Sources */,
				FA5256931D4AC04D004DA44C /* Frameworks */,
				FA5256941D4AC04D004DA44C /* Resources */,
			);
			buildRules = (
			);
			dependencies = (
			);
			name = Calculator;
			productName = Calculator;
			productReference = FA5256961D4AC04D004DA44C /* Calculator.app */;
			productType = "com.apple.product-type.application";
		};
		FA5256A91D4AC04E004DA44C /* CalculatorTests */ = {
			isa = PBXNativeTarget;
			buildConfigurationList = FA5256C11D4AC04E004DA44C /* Build configuration list for PBXNativeTarget "CalculatorTests" */;
			buildPhases = (
				FA5256A61D4AC04E004DA44C /* Sources */,
				FA5256A71D4AC04E004DA44C /* Frameworks */,
				FA5256A81D4AC04E004DA44C /* Resources */,
			);
			buildRules = (
			);
			dependencies = (
				FA5256AC1D4AC04E004DA44C /* PBXTargetDependency */,
			);
			name = CalculatorTests;
			productName = CalculatorTests;
			productReference = FA5256AA1D4AC04E004DA44C /* CalculatorTests.xctest */;
			productType = "com.apple.product-type.bundle.unit-test";
		};
		FA5256B41D4AC04E004DA44C /* CalculatorUITests */ = {
			isa = PBXNativeTarget;
			buildConfigurationList = FA5256C41D4AC04E004DA44C /* Build configuration list for PBXNativeTarget "CalculatorUITests" */;
			buildPhases = (
				FA5256B11D4AC04E004DA44C /* Sources */,
				FA5256B21D4AC04E004DA44C /* Frameworks */,
				FA5256B31D4AC04E004DA44C /* Resources */,
			);
			buildRules = (
			);
			dependencies = (
				FA5256B71D4AC04E004DA44C /* PBXTargetDependency */,
			);
			name = CalculatorUITests;
			productName = CalculatorUITests;
			productReference = FA5256B51D4AC04E004DA44C /* CalculatorUITests.xctest */;
			productType = "com.apple.product-type.bundle.ui-testing";
		};
/* End PBXNativeTarget section */

/* Begin PBXProject section */
		FA52568E1D4AC04D004DA44C /* Project object */ = {
			isa = PBXProject;
			attributes = {
				LastSwiftUpdateCheck = 0730;
				LastUpgradeCheck = 0730;
				ORGANIZATIONNAME = murilodl;
				TargetAttributes = {
					FA5256951D4AC04D004DA44C = {
						CreatedOnToolsVersion = 7.3.1;
					};
					FA5256A91D4AC04E004DA44C = {
						CreatedOnToolsVersion = 7.3.1;
						TestTargetID = FA5256951D4AC04D004DA44C;
					};
					FA5256B41D4AC04E004DA44C = {
						CreatedOnToolsVersion = 7.3.1;
						TestTargetID = FA5256951D4AC04D004DA44C;
					};
				};
			};
			buildConfigurationList = FA5256911D4AC04D004DA44C /* Build configuration list for PBXProject "Calculator" */;
			compatibilityVersion = "Xcode 3.2";
			developmentRegion = English;
			hasScannedForEncodings = 0;
			knownRegions = (
				en,
				Base,
			);
			mainGroup = FA52568D1D4AC04D004DA44C;
			productRefGroup = FA5256971D4AC04D004DA44C /* Products */;
			projectDirPath = "";
			projectRoot = "";
			targets = (
				FA5256951D4AC04D004DA44C /* Calculator */,
				FA5256A91D4AC04E004DA44C /* CalculatorTests */,
				FA5256B41D4AC04E004DA44C /* CalculatorUITests */,
			);
		};
/* End PBXProject section */

/* Begin PBXResourcesBuildPhase section */
		FA5256941D4AC04D004DA44C /* Resources */ = {
			isa = PBXResourcesBuildPhase;
			buildActionMask = 2147483647;
			files = (
				FA5256A41D4AC04D004DA44C /* LaunchScreen.storyboard in Resources */,
				FA5256A11D4AC04D004DA44C /* Assets.xcassets in Resources */,
				FA52569F1D4AC04D004DA44C /* Main.storyboard in Resources */,
			);
			runOnlyForDeploymentPostprocessing = 0;
		};
		FA5256A81D4AC04E004DA44C /* Resources */ = {
			isa = PBXResourcesBuildPhase;
			buildActionMask = 2147483647;
			files = (
			);
			runOnlyForDeploymentPostprocessing = 0;
		};
		FA5256B31D4AC04E004DA44C /* Resources */ = {
			isa = PBXResourcesBuildPhase;
			buildActionMask = 2147483647;
			files = (
			);
			runOnlyForDeploymentPostprocessing = 0;
		};
/* End PBXResourcesBuildPhase section */

/* Begin PBXSourcesBuildPhase section */
		FA5256921D4AC04D004DA44C /* Sources */ = {
			isa = PBXSourcesBuildPhase;
			buildActionMask = 2147483647;
			files = (
				FA8CC2D91D502C290059098B /* CalculatorBrain.swift in Sources */,
				FA52569C1D4AC04D004DA44C /* ViewController.swift in Sources */,
				FA52569A1D4AC04D004DA44C /* AppDelegate.swift in Sources */,
			);
			runOnlyForDeploymentPostprocessing = 0;
		};
		FA5256A61D4AC04E004DA44C /* Sources */ = {
			isa = PBXSourcesBuildPhase;
			buildActionMask = 2147483647;
			files = (
				FA5256AF1D4AC04E004DA44C /* CalculatorTests.swift in Sources */,
			);
			runOnlyForDeploymentPostprocessing = 0;
		};
		FA5256B11D4AC04E004DA44C /* Sources */ = {
			isa = PBXSourcesBuildPhase;
			buildActionMask = 2147483647;
			files = (
				FA5256BA1D4AC04E004DA44C /* CalculatorUITests.swift in Sources */,
			);
			runOnlyForDeploymentPostprocessing = 0;
		};
/* End PBXSourcesBuildPhase section */

/* Begin PBXTargetDependency section */
		FA5256AC1D4AC04E004DA44C /* PBXTargetDependency */ = {
			isa = PBXTargetDependency;
			target = FA5256951D4AC04D004DA44C /* Calculator */;
			targetProxy = FA5256AB1D4AC04E004DA44C /* PBXContainerItemProxy */;
		};
		FA5256B71D4AC04E004DA44C /* PBXTargetDependency */ = {
			isa = PBXTargetDependency;
			target = FA5256951D4AC04D004DA44C /* Calculator */;
			targetProxy = FA5256B61D4AC04E004DA44C /* PBXContainerItemProxy */;
		};
/* End PBXTargetDependency section */

/* Begin PBXVariantGroup section */
		FA52569D1D4AC04D004DA44C /* Main.storyboard */ = {
			isa = PBXVariantGroup;
			children = (
				FA52569E1D4AC04D004DA44C /* Base */,
			);
			name = Main.storyboard;
			sourceTree = "<group>";
		};
		FA5256A21D4AC04D004DA44C /* LaunchScreen.storyboard */ = {
			isa = PBXVariantGroup;
			children = (
				FA5256A31D4AC04D004DA44C /* Base */,
			);
			name = LaunchScreen.storyboard;
			sourceTree = "<group>";
		};
/* End PBXVariantGroup section */

/* Begin XCBuildConfiguration section */
		FA5256BC1D4AC04E004DA44C /* Debug */ = {
			isa = XCBuildConfiguration;
			buildSettings = {
				ALWAYS_SEARCH_USER_PATHS = NO;
				CLANG_ANALYZER_NONNULL = YES;
				CLANG_CXX_LANGUAGE_STANDARD = "gnu++0x";
				CLANG_CXX_LIBRARY = "libc++";
				CLANG_ENABLE_MODULES = YES;
				CLANG_ENABLE_OBJC_ARC = YES;
				CLANG_WARN_BOOL_CONVERSION = YES;
				CLANG_WARN_CONSTANT_CONVERSION = YES;
				CLANG_WARN_DIRECT_OBJC_ISA_USAGE = YES_ERROR;
				CLANG_WARN_EMPTY_BODY = YES;
				CLANG_WARN_ENUM_CONVERSION = YES;
				CLANG_WARN_INT_CONVERSION = YES;
				CLANG_WARN_OBJC_ROOT_CLASS = YES_ERROR;
				CLANG_WARN_UNREACHABLE_CODE = YES;
				CLANG_WARN__DUPLICATE_METHOD_MATCH = YES;
				"CODE_SIGN_IDENTITY[sdk=iphoneos*]" = "iPhone Developer";
				COPY_PHASE_STRIP = NO;
				DEBUG_INFORMATION_FORMAT = dwarf;
				ENABLE_STRICT_OBJC_MSGSEND = YES;
				ENABLE_TESTABILITY = YES;
				GCC_C_LANGUAGE_STANDARD = gnu99;
				GCC_DYNAMIC_NO_PIC = NO;
				GCC_NO_COMMON_BLOCKS = YES;
				GCC_OPTIMIZATION_LEVEL = 0;
				GCC_PREPROCESSOR_DEFINITIONS = (
					"DEBUG=1",
					"$(inherited)",
				);
				GCC_WARN_64_TO_32_BIT_CONVERSION = YES;
				GCC_WARN_ABOUT_RETURN_TYPE = YES_ERROR;
				GCC_WARN_UNDECLARED_SELECTOR = YES;
				GCC_WARN_UNINITIALIZED_AUTOS = YES_AGGRESSIVE;
				GCC_WARN_UNUSED_FUNCTION = YES;
				GCC_WARN_UNUSED_VARIABLE = YES;
				IPHONEOS_DEPLOYMENT_TARGET = 9.3;
				MTL_ENABLE_DEBUG_INFO = YES;
				ONLY_ACTIVE_ARCH = YES;
				SDKROOT = iphoneos;
				SWIFT_OPTIMIZATION_LEVEL = "-Onone";
				TARGETED_DEVICE_FAMILY = "1,2";
			};
			name = Debug;
		};
		FA5256BD1D4AC04E004DA44C /* Release */ = {
			isa = XCBuildConfiguration;
			buildSettings = {
				ALWAYS_SEARCH_USER_PATHS = NO;
				CLANG_ANALYZER_NONNULL = YES;
				CLANG_CXX_LANGUAGE_STANDARD = "gnu++0x";
				CLANG_CXX_LIBRARY = "libc++";
				CLANG_ENABLE_MODULES = YES;
				CLANG_ENABLE_OBJC_ARC = YES;
				CLANG_WARN_BOOL_CONVERSION = YES;
				CLANG_WARN_CONSTANT_CONVERSION = YES;
				CLANG_WARN_DIRECT_OBJC_ISA_USAGE = YES_ERROR;
				CLANG_WARN_EMPTY_BODY = YES;
				CLANG_WARN_ENUM_CONVERSION = YES;
				CLANG_WARN_INT_CONVERSION = YES;
				CLANG_WARN_OBJC_ROOT_CLASS = YES_ERROR;
				CLANG_WARN_UNREACHABLE_CODE = YES;
				CLANG_WARN__DUPLICATE_METHOD_MATCH = YES;
				"CODE_SIGN_IDENTITY[sdk=iphoneos*]" = "iPhone Developer";
				COPY_PHASE_STRIP = NO;
				DEBUG_INFORMATION_FORMAT = "dwarf-with-dsym";
				ENABLE_NS_ASSERTIONS = NO;
				ENABLE_STRICT_OBJC_MSGSEND = YES;
				GCC_C_LANGUAGE_STANDARD = gnu99;
				GCC_NO_COMMON_BLOCKS = YES;
				GCC_WARN_64_TO_32_BIT_CONVERSION = YES;
				GCC_WARN_ABOUT_RETURN_TYPE = YES_ERROR;
				GCC_WARN_UNDECLARED_SELECTOR = YES;
				GCC_WARN_UNINITIALIZED_AUTOS = YES_AGGRESSIVE;
				GCC_WARN_UNUSED_FUNCTION = YES;
				GCC_WARN_UNUSED_VARIABLE = YES;
				IPHONEOS_DEPLOYMENT_TARGET = 9.3;
				MTL_ENABLE_DEBUG_INFO = NO;
				SDKROOT = iphoneos;
				TARGETED_DEVICE_FAMILY = "1,2";
				VALIDATE_PRODUCT = YES;
			};
			name = Release;
		};
		FA5256BF1D4AC04E004DA44C /* Debug */ = {
			isa = XCBuildConfiguration;
			buildSettings = {
				ASSETCATALOG_COMPILER_APPICON_NAME = AppIcon;
				INFOPLIST_FILE = Calculator/Info.plist;
				LD_RUNPATH_SEARCH_PATHS = "$(inherited) @executable_path/Frameworks";
				PRODUCT_BUNDLE_IDENTIFIER = murilodl.Calculator;
				PRODUCT_NAME = "$(TARGET_NAME)";
			};
			name = Debug;
		};
		FA5256C01D4AC04E004DA44C /* Release */ = {
			isa = XCBuildConfiguration;
			buildSettings = {
				ASSETCATALOG_COMPILER_APPICON_NAME = AppIcon;
				INFOPLIST_FILE = Calculator/Info.plist;
				LD_RUNPATH_SEARCH_PATHS = "$(inherited) @executable_path/Frameworks";
				PRODUCT_BUNDLE_IDENTIFIER = murilodl.Calculator;
				PRODUCT_NAME = "$(TARGET_NAME)";
			};
			name = Release;
		};
		FA5256C21D4AC04E004DA44C /* Debug */ = {
			isa = XCBuildConfiguration;
			buildSettings = {
				BUNDLE_LOADER = "$(TEST_HOST)";
				INFOPLIST_FILE = CalculatorTests/Info.plist;
				LD_RUNPATH_SEARCH_PATHS = "$(inherited) @executable_path/Frameworks @loader_path/Frameworks";
				PRODUCT_BUNDLE_IDENTIFIER = murilodl.CalculatorTests;
				PRODUCT_NAME = "$(TARGET_NAME)";
				TEST_HOST = "$(BUILT_PRODUCTS_DIR)/Calculator.app/Calculator";
			};
			name = Debug;
		};
		FA5256C31D4AC04E004DA44C /* Release */ = {
			isa = XCBuildConfiguration;
			buildSettings = {
				BUNDLE_LOADER = "$(TEST_HOST)";
				INFOPLIST_FILE = CalculatorTests/Info.plist;
				LD_RUNPATH_SEARCH_PATHS = "$(inherited) @executable_path/Frameworks @loader_path/Frameworks";
				PRODUCT_BUNDLE_IDENTIFIER = murilodl.CalculatorTests;
				PRODUCT_NAME = "$(TARGET_NAME)";
				TEST_HOST = "$(BUILT_PRODUCTS_DIR)/Calculator.app/Calculator";
			};
			name = Release;
		};
		FA5256C51D4AC04E004DA44C /* Debug */ = {
			isa = XCBuildConfiguration;
			buildSettings = {
				INFOPLIST_FILE = CalculatorUITests/Info.plist;
				LD_RUNPATH_SEARCH_PATHS = "$(inherited) @executable_path/Frameworks @loader_path/Frameworks";
				PRODUCT_BUNDLE_IDENTIFIER = murilodl.CalculatorUITests;
				PRODUCT_NAME = "$(TARGET_NAME)";
				TEST_TARGET_NAME = Calculator;
			};
			name = Debug;
		};
		FA5256C61D4AC04E004DA44C /* Release */ = {
			isa = XCBuildConfiguration;
			buildSettings = {
				INFOPLIST_FILE = CalculatorUITests/Info.plist;
				LD_RUNPATH_SEARCH_PATHS = "$(inherited) @executable_path/Frameworks @loader_path/Frameworks";
				PRODUCT_BUNDLE_IDENTIFIER = murilodl.CalculatorUITests;
				PRODUCT_NAME = "$(TARGET_NAME)";
				TEST_TARGET_NAME = Calculator;
			};
			name = Release;
		};
/* End XCBuildConfiguration section */

/* Begin XCConfigurationList section */
		FA5256911D4AC04D004DA44C /* Build configuration list for PBXProject "Calculator" */ = {
			isa = XCConfigurationList;
			buildConfigurations = (
				FA5256BC1D4AC04E004DA44C /* Debug */,
				FA5256BD1D4AC04E004DA44C /* Release */,
			);
			defaultConfigurationIsVisible = 0;
			defaultConfigurationName = Release;
		};
		FA5256BE1D4AC04E004DA44C /* Build configuration list for PBXNativeTarget "Calculator" */ = {
			isa = XCConfigurationList;
			buildConfigurations = (
				FA5256BF1D4AC04E004DA44C /* Debug */,
				FA5256C01D4AC04E004DA44C /* Release */,
			);
			defaultConfigurationIsVisible = 0;
			defaultConfigurationName = Release;
		};
		FA5256C11D4AC04E004DA44C /* Build configuration list for PBXNativeTarget "CalculatorTests" */ = {
			isa = XCConfigurationList;
			buildConfigurations = (
				FA5256C21D4AC04E004DA44C /* Debug */,
				FA5256C31D4AC04E004DA44C /* Release */,
			);
			defaultConfigurationIsVisible = 0;
			defaultConfigurationName = Release;
		};
		FA5256C41D4AC04E004DA44C /* Build configuration list for PBXNativeTarget "CalculatorUITests" */ = {
			isa = XCConfigurationList;
			buildConfigurations = (
				FA5256C51D4AC04E004DA44C /* Debug */,
				FA5256C61D4AC04E004DA44C /* Release */,
			);
			defaultConfigurationIsVisible = 0;
			defaultConfigurationName = Release;
		};
/* End XCConfigurationList section */
	};
	rootObject = FA52568E1D4AC04D004DA44C /* Project object */;
}
